
Microsoft Visual Studio Solution File, Format Version 12.00
# Visual Studio Version 17
VisualStudioVersion = 17.0.31912.275
MinimumVisualStudioVersion = 10.0.40219.1
Project("{9A19103F-16F7-4668-BE54-9A1E7A4F7556}") = "MyGame", "MyGame.csproj", "{BF702840-1A1E-470F-91F8-C034E009530A}"
EndProject
Project("{FAE04EC0-301F-11D3-BF4B-00C04F79EFBC}") = "MyGame.UnitTests", "..\MyGame.UnitTests\MyGame.UnitTests.csproj", "{FD13DE19-7226-47AE-95BE-70A6987CF7BC}"
EndProject
Global
	GlobalSection(SolutionConfigurationPlatforms) = preSolution
		Debug|Any CPU = Debug|Any CPU
		Release|Any CPU = Release|Any CPU
	EndGlobalSection
	GlobalSection(ProjectConfigurationPlatforms) = postSolution
		{BF702840-1A1E-470F-91F8-C034E009530A}.Debug|Any CPU.ActiveCfg = Debug|Any CPU
		{BF702840-1A1E-470F-91F8-C034E009530A}.Debug|Any CPU.Build.0 = Debug|Any CPU
		{BF702840-1A1E-470F-91F8-C034E009530A}.Release|Any CPU.ActiveCfg = Release|Any CPU
		{BF702840-1A1E-470F-91F8-C034E009530A}.Release|Any CPU.Build.0 = Release|Any CPU
		{FD13DE19-7226-47AE-95BE-70A6987CF7BC}.Debug|Any CPU.ActiveCfg = Debug|Any CPU
		{FD13DE19-7226-47AE-95BE-70A6987CF7BC}.Debug|Any CPU.Build.0 = Debug|Any CPU
		{FD13DE19-7226-47AE-95BE-70A6987CF7BC}.Release|Any CPU.ActiveCfg = Release|Any CPU
		{FD13DE19-7226-47AE-95BE-70A6987CF7BC}.Release|Any CPU.Build.0 = Release|Any CPU
	EndGlobalSection
	GlobalSection(SolutionProperties) = preSolution
		HideSolutionNode = FALSE
	EndGlobalSection
	GlobalSection(ExtensibilityGlobals) = postSolution
		SolutionGuid = {4A412E4B-8E3D-42B3-AE16-F85E149917A1}
	EndGlobalSection
EndGlobal
